
Microsoft Visual Studio Solution File, Format Version 12.00
# Visual Studio Version 17
VisualStudioVersion = 17.6.33829.357
MinimumVisualStudioVersion = 10.0.40219.1
Project("{FAE04EC0-301F-11D3-BF4B-00C04F79EFBC}") = "OpsamlingØvelser", "OpsamlingØvelser\OpsamlingØvelser.csproj", "{3F207C43-8699-4537-A0C6-F82F71B608CE}"
EndProject
Global
	GlobalSection(SolutionConfigurationPlatforms) = preSolution
		Debug|Any CPU = Debug|Any CPU
		Release|Any CPU = Release|Any CPU
	EndGlobalSection
	GlobalSection(ProjectConfigurationPlatforms) = postSolution
		{3F207C43-8699-4537-A0C6-F82F71B608CE}.Debug|Any CPU.ActiveCfg = Debug|Any CPU
		{3F207C43-8699-4537-A0C6-F82F71B608CE}.Debug|Any CPU.Build.0 = Debug|Any CPU
		{3F207C43-8699-4537-A0C6-F82F71B608CE}.Release|Any CPU.ActiveCfg = Release|Any CPU
		{3F207C43-8699-4537-A0C6-F82F71B608CE}.Release|Any CPU.Build.0 = Release|Any CPU
	EndGlobalSection
	GlobalSection(SolutionProperties) = preSolution
		HideSolutionNode = FALSE
	EndGlobalSection
	GlobalSection(ExtensibilityGlobals) = postSolution
		SolutionGuid = {93AB3F51-AAC8-4C8C-AFAE-9901C6F6F511}
	EndGlobalSection
EndGlobal
